// !$*UTF8*$!
{
	archiveVersion = 1;
	classes = {
	};
	objectVersion = 55;
	objects = {

/* Begin PBXBuildFile section */
		844A53A12935FF7300B6C464 /* AppDelegate.swift in Sources */ = {isa = PBXBuildFile; fileRef = 844A53A02935FF7300B6C464 /* AppDelegate.swift */; };
		844A53AD2935FF7400B6C464 /* LaunchScreen.storyboard in Resources */ = {isa = PBXBuildFile; fileRef = 844A53AB2935FF7400B6C464 /* LaunchScreen.storyboard */; };
		844A53B82935FF7400B6C464 /* VideoFeedsTests.swift in Sources */ = {isa = PBXBuildFile; fileRef = 844A53B72935FF7400B6C464 /* VideoFeedsTests.swift */; };
		844A53C22935FF7400B6C464 /* VideoFeedsUITests.swift in Sources */ = {isa = PBXBuildFile; fileRef = 844A53C12935FF7400B6C464 /* VideoFeedsUITests.swift */; };
		844A53C42935FF7400B6C464 /* VideoFeedsUITestsLaunchTests.swift in Sources */ = {isa = PBXBuildFile; fileRef = 844A53C32935FF7400B6C464 /* VideoFeedsUITestsLaunchTests.swift */; };
		844A53F32935FFFE00B6C464 /* FeedVideo.swift in Sources */ = {isa = PBXBuildFile; fileRef = 844A53D12935FFFE00B6C464 /* FeedVideo.swift */; };
		844A53F42935FFFE00B6C464 /* LibraryViewController.swift in Sources */ = {isa = PBXBuildFile; fileRef = 844A53D42935FFFE00B6C464 /* LibraryViewController.swift */; };
		844A53F52935FFFE00B6C464 /* RootViewController.swift in Sources */ = {isa = PBXBuildFile; fileRef = 844A53D62935FFFE00B6C464 /* RootViewController.swift */; };
		844A53F62935FFFE00B6C464 /* RootTabBar.swift in Sources */ = {isa = PBXBuildFile; fileRef = 844A53D72935FFFE00B6C464 /* RootTabBar.swift */; };
		844A53F72935FFFE00B6C464 /* FeaturedFeedViewController.swift in Sources */ = {isa = PBXBuildFile; fileRef = 844A53D92935FFFE00B6C464 /* FeaturedFeedViewController.swift */; };
		844A53F82935FFFE00B6C464 /* FeaturedFeedViewModel.swift in Sources */ = {isa = PBXBuildFile; fileRef = 844A53DA2935FFFE00B6C464 /* FeaturedFeedViewModel.swift */; };
		844A53F92935FFFE00B6C464 /* VideoFeedCell.swift in Sources */ = {isa = PBXBuildFile; fileRef = 844A53DC2935FFFE00B6C464 /* VideoFeedCell.swift */; };
		844A53FA2935FFFE00B6C464 /* FeaturedFeedAPI.swift in Sources */ = {isa = PBXBuildFile; fileRef = 844A53DE2935FFFE00B6C464 /* FeaturedFeedAPI.swift */; };
		844A53FB2935FFFE00B6C464 /* APIService.swift in Sources */ = {isa = PBXBuildFile; fileRef = 844A53DF2935FFFE00B6C464 /* APIService.swift */; };
		844A53FC2935FFFE00B6C464 /* Typography.swift in Sources */ = {isa = PBXBuildFile; fileRef = 844A53E12935FFFE00B6C464 /* Typography.swift */; };
		844A53FD2935FFFE00B6C464 /* LoadingViewCard.swift in Sources */ = {isa = PBXBuildFile; fileRef = 844A53E32935FFFE00B6C464 /* LoadingViewCard.swift */; };
		844A53FE2935FFFE00B6C464 /* ActivityIndicator.swift in Sources */ = {isa = PBXBuildFile; fileRef = 844A53E42935FFFE00B6C464 /* ActivityIndicator.swift */; };
		844A53FF2935FFFE00B6C464 /* LoadingViewController.swift in Sources */ = {isa = PBXBuildFile; fileRef = 844A53E52935FFFE00B6C464 /* LoadingViewController.swift */; };
		844A54002935FFFE00B6C464 /* UIFont+.swift in Sources */ = {isa = PBXBuildFile; fileRef = 844A53E62935FFFE00B6C464 /* UIFont+.swift */; };
		844A54012935FFFE00B6C464 /* VideoPlayerView.swift in Sources */ = {isa = PBXBuildFile; fileRef = 844A53E72935FFFE00B6C464 /* VideoPlayerView.swift */; };
		844A54022935FFFE00B6C464 /* OutOfBoundsTouchView.swift in Sources */ = {isa = PBXBuildFile; fileRef = 844A53E82935FFFE00B6C464 /* OutOfBoundsTouchView.swift */; };
		844A54032935FFFE00B6C464 /* VerticalGradientView.swift in Sources */ = {isa = PBXBuildFile; fileRef = 844A53E92935FFFE00B6C464 /* VerticalGradientView.swift */; };
		844A54042935FFFE00B6C464 /* UIView+.swift in Sources */ = {isa = PBXBuildFile; fileRef = 844A53EA2935FFFE00B6C464 /* UIView+.swift */; };
		844A54052935FFFE00B6C464 /* ProgressBar.swift in Sources */ = {isa = PBXBuildFile; fileRef = 844A53EB2935FFFE00B6C464 /* ProgressBar.swift */; };
		844A54062935FFFE00B6C464 /* ReclipLabel.swift in Sources */ = {isa = PBXBuildFile; fileRef = 844A53EC2935FFFE00B6C464 /* ReclipLabel.swift */; };
		844A54072935FFFE00B6C464 /* UIColor+.swift in Sources */ = {isa = PBXBuildFile; fileRef = 844A53ED2935FFFE00B6C464 /* UIColor+.swift */; };
		844A54082935FFFE00B6C464 /* Array+.swift in Sources */ = {isa = PBXBuildFile; fileRef = 844A53EF2935FFFE00B6C464 /* Array+.swift */; };
		844A54092935FFFE00B6C464 /* Date+.swift in Sources */ = {isa = PBXBuildFile; fileRef = 844A53F02935FFFE00B6C464 /* Date+.swift */; };
		844A540A2935FFFE00B6C464 /* HttpClient.swift in Sources */ = {isa = PBXBuildFile; fileRef = 844A53F22935FFFE00B6C464 /* HttpClient.swift */; };
		844A5416293600BE00B6C464 /* Assets.xcassets in Resources */ = {isa = PBXBuildFile; fileRef = 844A540C293600BE00B6C464 /* Assets.xcassets */; };
		844A5417293600BE00B6C464 /* ProximaNova-Semibold.otf in Resources */ = {isa = PBXBuildFile; fileRef = 844A540E293600BE00B6C464 /* ProximaNova-Semibold.otf */; };
		844A5418293600BE00B6C464 /* ProximaNova-Bold.otf in Resources */ = {isa = PBXBuildFile; fileRef = 844A540F293600BE00B6C464 /* ProximaNova-Bold.otf */; };
		844A5419293600BE00B6C464 /* ProximaNova-Medium.otf in Resources */ = {isa = PBXBuildFile; fileRef = 844A5410293600BE00B6C464 /* ProximaNova-Medium.otf */; };
		844A541A293600BE00B6C464 /* ProximaNova-Extrabold.otf in Resources */ = {isa = PBXBuildFile; fileRef = 844A5411293600BE00B6C464 /* ProximaNova-Extrabold.otf */; };
		844A541B293600BE00B6C464 /* ProximaNova-BoldIt.otf in Resources */ = {isa = PBXBuildFile; fileRef = 844A5412293600BE00B6C464 /* ProximaNova-BoldIt.otf */; };
		844A541C293600BE00B6C464 /* ProximaNova-RegularIt.otf in Resources */ = {isa = PBXBuildFile; fileRef = 844A5413293600BE00B6C464 /* ProximaNova-RegularIt.otf */; };
		844A541D293600BE00B6C464 /* ProximaNova-Black.otf in Resources */ = {isa = PBXBuildFile; fileRef = 844A5414293600BE00B6C464 /* ProximaNova-Black.otf */; };
		844A541E293600BE00B6C464 /* ProximaNova-Regular.otf in Resources */ = {isa = PBXBuildFile; fileRef = 844A5415293600BE00B6C464 /* ProximaNova-Regular.otf */; };
/* End PBXBuildFile section */

/* Begin PBXContainerItemProxy section */
		844A53B42935FF7400B6C464 /* PBXContainerItemProxy */ = {
			isa = PBXContainerItemProxy;
			containerPortal = 844A53952935FF7300B6C464 /* Project object */;
			proxyType = 1;
			remoteGlobalIDString = 844A539C2935FF7300B6C464;
			remoteInfo = VideoFeeds;
		};
		844A53BE2935FF7400B6C464 /* PBXContainerItemProxy */ = {
			isa = PBXContainerItemProxy;
			containerPortal = 844A53952935FF7300B6C464 /* Project object */;
			proxyType = 1;
			remoteGlobalIDString = 844A539C2935FF7300B6C464;
			remoteInfo = VideoFeeds;
		};
/* End PBXContainerItemProxy section */

/* Begin PBXFileReference section */
		844A539D2935FF7300B6C464 /* VideoFeeds.app */ = {isa = PBXFileReference; explicitFileType = wrapper.application; includeInIndex = 0; path = VideoFeeds.app; sourceTree = BUILT_PRODUCTS_DIR; };
		844A53A02935FF7300B6C464 /* AppDelegate.swift */ = {isa = PBXFileReference; lastKnownFileType = sourcecode.swift; path = AppDelegate.swift; sourceTree = "<group>"; };
		844A53AC2935FF7400B6C464 /* Base */ = {isa = PBXFileReference; lastKnownFileType = file.storyboard; name = Base; path = Base.lproj/LaunchScreen.storyboard; sourceTree = "<group>"; };
		844A53AE2935FF7400B6C464 /* Info.plist */ = {isa = PBXFileReference; lastKnownFileType = text.plist.xml; path = Info.plist; sourceTree = "<group>"; };
		844A53B32935FF7400B6C464 /* VideoFeedsTests.xctest */ = {isa = PBXFileReference; explicitFileType = wrapper.cfbundle; includeInIndex = 0; path = VideoFeedsTests.xctest; sourceTree = BUILT_PRODUCTS_DIR; };
		844A53B72935FF7400B6C464 /* VideoFeedsTests.swift */ = {isa = PBXFileReference; lastKnownFileType = sourcecode.swift; path = VideoFeedsTests.swift; sourceTree = "<group>"; };
		844A53BD2935FF7400B6C464 /* VideoFeedsUITests.xctest */ = {isa = PBXFileReference; explicitFileType = wrapper.cfbundle; includeInIndex = 0; path = VideoFeedsUITests.xctest; sourceTree = BUILT_PRODUCTS_DIR; };
		844A53C12935FF7400B6C464 /* VideoFeedsUITests.swift */ = {isa = PBXFileReference; lastKnownFileType = sourcecode.swift; path = VideoFeedsUITests.swift; sourceTree = "<group>"; };
		844A53C32935FF7400B6C464 /* VideoFeedsUITestsLaunchTests.swift */ = {isa = PBXFileReference; lastKnownFileType = sourcecode.swift; path = VideoFeedsUITestsLaunchTests.swift; sourceTree = "<group>"; };
		844A53D12935FFFE00B6C464 /* FeedVideo.swift */ = {isa = PBXFileReference; fileEncoding = 4; lastKnownFileType = sourcecode.swift; path = FeedVideo.swift; sourceTree = "<group>"; };
		844A53D42935FFFE00B6C464 /* LibraryViewController.swift */ = {isa = PBXFileReference; fileEncoding = 4; lastKnownFileType = sourcecode.swift; path = LibraryViewController.swift; sourceTree = "<group>"; };
		844A53D62935FFFE00B6C464 /* RootViewController.swift */ = {isa = PBXFileReference; fileEncoding = 4; lastKnownFileType = sourcecode.swift; path = RootViewController.swift; sourceTree = "<group>"; };
		844A53D72935FFFE00B6C464 /* RootTabBar.swift */ = {isa = PBXFileReference; fileEncoding = 4; lastKnownFileType = sourcecode.swift; path = RootTabBar.swift; sourceTree = "<group>"; };
		844A53D92935FFFE00B6C464 /* FeaturedFeedViewController.swift */ = {isa = PBXFileReference; fileEncoding = 4; lastKnownFileType = sourcecode.swift; path = FeaturedFeedViewController.swift; sourceTree = "<group>"; };
		844A53DA2935FFFE00B6C464 /* FeaturedFeedViewModel.swift */ = {isa = PBXFileReference; fileEncoding = 4; lastKnownFileType = sourcecode.swift; path = FeaturedFeedViewModel.swift; sourceTree = "<group>"; };
		844A53DC2935FFFE00B6C464 /* VideoFeedCell.swift */ = {isa = PBXFileReference; fileEncoding = 4; lastKnownFileType = sourcecode.swift; path = VideoFeedCell.swift; sourceTree = "<group>"; };
		844A53DE2935FFFE00B6C464 /* FeaturedFeedAPI.swift */ = {isa = PBXFileReference; fileEncoding = 4; lastKnownFileType = sourcecode.swift; path = FeaturedFeedAPI.swift; sourceTree = "<group>"; };
		844A53DF2935FFFE00B6C464 /* APIService.swift */ = {isa = PBXFileReference; fileEncoding = 4; lastKnownFileType = sourcecode.swift; path = APIService.swift; sourceTree = "<group>"; };
		844A53E12935FFFE00B6C464 /* Typography.swift */ = {isa = PBXFileReference; fileEncoding = 4; lastKnownFileType = sourcecode.swift; path = Typography.swift; sourceTree = "<group>"; };
		844A53E32935FFFE00B6C464 /* LoadingViewCard.swift */ = {isa = PBXFileReference; fileEncoding = 4; lastKnownFileType = sourcecode.swift; path = LoadingViewCard.swift; sourceTree = "<group>"; };
		844A53E42935FFFE00B6C464 /* ActivityIndicator.swift */ = {isa = PBXFileReference; fileEncoding = 4; lastKnownFileType = sourcecode.swift; path = ActivityIndicator.swift; sourceTree = "<group>"; };
		844A53E52935FFFE00B6C464 /* LoadingViewController.swift */ = {isa = PBXFileReference; fileEncoding = 4; lastKnownFileType = sourcecode.swift; path = LoadingViewController.swift; sourceTree = "<group>"; };
		844A53E62935FFFE00B6C464 /* UIFont+.swift */ = {isa = PBXFileReference; fileEncoding = 4; lastKnownFileType = sourcecode.swift; path = "UIFont+.swift"; sourceTree = "<group>"; };
		844A53E72935FFFE00B6C464 /* VideoPlayerView.swift */ = {isa = PBXFileReference; fileEncoding = 4; lastKnownFileType = sourcecode.swift; path = VideoPlayerView.swift; sourceTree = "<group>"; };
		844A53E82935FFFE00B6C464 /* OutOfBoundsTouchView.swift */ = {isa = PBXFileReference; fileEncoding = 4; lastKnownFileType = sourcecode.swift; path = OutOfBoundsTouchView.swift; sourceTree = "<group>"; };
		844A53E92935FFFE00B6C464 /* VerticalGradientView.swift */ = {isa = PBXFileReference; fileEncoding = 4; lastKnownFileType = sourcecode.swift; path = VerticalGradientView.swift; sourceTree = "<group>"; };
		844A53EA2935FFFE00B6C464 /* UIView+.swift */ = {isa = PBXFileReference; fileEncoding = 4; lastKnownFileType = sourcecode.swift; path = "UIView+.swift"; sourceTree = "<group>"; };
		844A53EB2935FFFE00B6C464 /* ProgressBar.swift */ = {isa = PBXFileReference; fileEncoding = 4; lastKnownFileType = sourcecode.swift; path = ProgressBar.swift; sourceTree = "<group>"; };
		844A53EC2935FFFE00B6C464 /* ReclipLabel.swift */ = {isa = PBXFileReference; fileEncoding = 4; lastKnownFileType = sourcecode.swift; path = ReclipLabel.swift; sourceTree = "<group>"; };
		844A53ED2935FFFE00B6C464 /* UIColor+.swift */ = {isa = PBXFileReference; fileEncoding = 4; lastKnownFileType = sourcecode.swift; path = "UIColor+.swift"; sourceTree = "<group>"; };
		844A53EF2935FFFE00B6C464 /* Array+.swift */ = {isa = PBXFileReference; fileEncoding = 4; lastKnownFileType = sourcecode.swift; path = "Array+.swift"; sourceTree = "<group>"; };
		844A53F02935FFFE00B6C464 /* Date+.swift */ = {isa = PBXFileReference; fileEncoding = 4; lastKnownFileType = sourcecode.swift; path = "Date+.swift"; sourceTree = "<group>"; };
		844A53F22935FFFE00B6C464 /* HttpClient.swift */ = {isa = PBXFileReference; fileEncoding = 4; lastKnownFileType = sourcecode.swift; path = HttpClient.swift; sourceTree = "<group>"; };
		844A540C293600BE00B6C464 /* Assets.xcassets */ = {isa = PBXFileReference; lastKnownFileType = folder.assetcatalog; path = Assets.xcassets; sourceTree = "<group>"; };
		844A540E293600BE00B6C464 /* ProximaNova-Semibold.otf */ = {isa = PBXFileReference; lastKnownFileType = file; path = "ProximaNova-Semibold.otf"; sourceTree = "<group>"; };
		844A540F293600BE00B6C464 /* ProximaNova-Bold.otf */ = {isa = PBXFileReference; lastKnownFileType = file; path = "ProximaNova-Bold.otf"; sourceTree = "<group>"; };
		844A5410293600BE00B6C464 /* ProximaNova-Medium.otf */ = {isa = PBXFileReference; lastKnownFileType = file; path = "ProximaNova-Medium.otf"; sourceTree = "<group>"; };
		844A5411293600BE00B6C464 /* ProximaNova-Extrabold.otf */ = {isa = PBXFileReference; lastKnownFileType = file; path = "ProximaNova-Extrabold.otf"; sourceTree = "<group>"; };
		844A5412293600BE00B6C464 /* ProximaNova-BoldIt.otf */ = {isa = PBXFileReference; lastKnownFileType = file; path = "ProximaNova-BoldIt.otf"; sourceTree = "<group>"; };
		844A5413293600BE00B6C464 /* ProximaNova-RegularIt.otf */ = {isa = PBXFileReference; lastKnownFileType = file; path = "ProximaNova-RegularIt.otf"; sourceTree = "<group>"; };
		844A5414293600BE00B6C464 /* ProximaNova-Black.otf */ = {isa = PBXFileReference; lastKnownFileType = file; path = "ProximaNova-Black.otf"; sourceTree = "<group>"; };
		844A5415293600BE00B6C464 /* ProximaNova-Regular.otf */ = {isa = PBXFileReference; lastKnownFileType = file; path = "ProximaNova-Regular.otf"; sourceTree = "<group>"; };
/* End PBXFileReference section */

/* Begin PBXFrameworksBuildPhase section */
		844A539A2935FF7300B6C464 /* Frameworks */ = {
			isa = PBXFrameworksBuildPhase;
			buildActionMask = 2147483647;
			files = (
			);
			runOnlyForDeploymentPostprocessing = 0;
		};
		844A53B02935FF7400B6C464 /* Frameworks */ = {
			isa = PBXFrameworksBuildPhase;
			buildActionMask = 2147483647;
			files = (
			);
			runOnlyForDeploymentPostprocessing = 0;
		};
		844A53BA2935FF7400B6C464 /* Frameworks */ = {
			isa = PBXFrameworksBuildPhase;
			buildActionMask = 2147483647;
			files = (
			);
			runOnlyForDeploymentPostprocessing = 0;
		};
/* End PBXFrameworksBuildPhase section */

/* Begin PBXGroup section */
		844A53942935FF7300B6C464 = {
			isa = PBXGroup;
			children = (
				844A539F2935FF7300B6C464 /* VideoFeeds */,
				844A53B62935FF7400B6C464 /* VideoFeedsTests */,
				844A53C02935FF7400B6C464 /* VideoFeedsUITests */,
				844A539E2935FF7300B6C464 /* Products */,
			);
			sourceTree = "<group>";
		};
		844A539E2935FF7300B6C464 /* Products */ = {
			isa = PBXGroup;
			children = (
				844A539D2935FF7300B6C464 /* VideoFeeds.app */,
				844A53B32935FF7400B6C464 /* VideoFeedsTests.xctest */,
				844A53BD2935FF7400B6C464 /* VideoFeedsUITests.xctest */,
			);
			name = Products;
			sourceTree = "<group>";
		};
		844A539F2935FF7300B6C464 /* VideoFeeds */ = {
			isa = PBXGroup;
			children = (
				844A53EE2935FFFE00B6C464 /* Extensions */,
				844A53F12935FFFE00B6C464 /* HTTP */,
				844A53D02935FFFE00B6C464 /* Model */,
				844A53D22935FFFE00B6C464 /* Scenes */,
				844A53DD2935FFFE00B6C464 /* Services */,
				844A53E02935FFFE00B6C464 /* UIHelpers */,
				844A53A02935FF7300B6C464 /* AppDelegate.swift */,
				844A540B293600BE00B6C464 /* Assets */,
				844A53AB2935FF7400B6C464 /* LaunchScreen.storyboard */,
				844A53AE2935FF7400B6C464 /* Info.plist */,
			);
			path = VideoFeeds;
			sourceTree = "<group>";
		};
		844A53B62935FF7400B6C464 /* VideoFeedsTests */ = {
			isa = PBXGroup;
			children = (
				844A53B72935FF7400B6C464 /* VideoFeedsTests.swift */,
			);
			path = VideoFeedsTests;
			sourceTree = "<group>";
		};
		844A53C02935FF7400B6C464 /* VideoFeedsUITests */ = {
			isa = PBXGroup;
			children = (
				844A53C12935FF7400B6C464 /* VideoFeedsUITests.swift */,
				844A53C32935FF7400B6C464 /* VideoFeedsUITestsLaunchTests.swift */,
			);
			path = VideoFeedsUITests;
			sourceTree = "<group>";
		};
		844A53D02935FFFE00B6C464 /* Model */ = {
			isa = PBXGroup;
			children = (
				844A53D12935FFFE00B6C464 /* FeedVideo.swift */,
			);
			path = Model;
			sourceTree = "<group>";
		};
		844A53D22935FFFE00B6C464 /* Scenes */ = {
			isa = PBXGroup;
			children = (
				844A53D32935FFFE00B6C464 /* Library */,
				844A53D52935FFFE00B6C464 /* Root */,
				844A53D82935FFFE00B6C464 /* FeaturedFeed */,
			);
			path = Scenes;
			sourceTree = "<group>";
		};
		844A53D32935FFFE00B6C464 /* Library */ = {
			isa = PBXGroup;
			children = (
				844A53D42935FFFE00B6C464 /* LibraryViewController.swift */,
			);
			path = Library;
			sourceTree = "<group>";
		};
		844A53D52935FFFE00B6C464 /* Root */ = {
			isa = PBXGroup;
			children = (
				844A53D62935FFFE00B6C464 /* RootViewController.swift */,
				844A53D72935FFFE00B6C464 /* RootTabBar.swift */,
			);
			path = Root;
			sourceTree = "<group>";
		};
		844A53D82935FFFE00B6C464 /* FeaturedFeed */ = {
			isa = PBXGroup;
			children = (
				844A53D92935FFFE00B6C464 /* FeaturedFeedViewController.swift */,
				844A53DA2935FFFE00B6C464 /* FeaturedFeedViewModel.swift */,
				844A53DB2935FFFE00B6C464 /* VideoFeedCell */,
			);
			path = FeaturedFeed;
			sourceTree = "<group>";
		};
		844A53DB2935FFFE00B6C464 /* VideoFeedCell */ = {
			isa = PBXGroup;
			children = (
				844A53DC2935FFFE00B6C464 /* VideoFeedCell.swift */,
			);
			path = VideoFeedCell;
			sourceTree = "<group>";
		};
		844A53DD2935FFFE00B6C464 /* Services */ = {
			isa = PBXGroup;
			children = (
				844A53DE2935FFFE00B6C464 /* FeaturedFeedAPI.swift */,
				844A53DF2935FFFE00B6C464 /* APIService.swift */,
			);
			path = Services;
			sourceTree = "<group>";
		};
		844A53E02935FFFE00B6C464 /* UIHelpers */ = {
			isa = PBXGroup;
			children = (
				844A53E12935FFFE00B6C464 /* Typography.swift */,
				844A53E22935FFFE00B6C464 /* LoadingView */,
				844A53E62935FFFE00B6C464 /* UIFont+.swift */,
				844A53E72935FFFE00B6C464 /* VideoPlayerView.swift */,
				844A53E82935FFFE00B6C464 /* OutOfBoundsTouchView.swift */,
				844A53E92935FFFE00B6C464 /* VerticalGradientView.swift */,
				844A53EA2935FFFE00B6C464 /* UIView+.swift */,
				844A53EB2935FFFE00B6C464 /* ProgressBar.swift */,
				844A53EC2935FFFE00B6C464 /* ReclipLabel.swift */,
				844A53ED2935FFFE00B6C464 /* UIColor+.swift */,
			);
			path = UIHelpers;
			sourceTree = "<group>";
		};
		844A53E22935FFFE00B6C464 /* LoadingView */ = {
			isa = PBXGroup;
			children = (
				844A53E32935FFFE00B6C464 /* LoadingViewCard.swift */,
				844A53E42935FFFE00B6C464 /* ActivityIndicator.swift */,
				844A53E52935FFFE00B6C464 /* LoadingViewController.swift */,
			);
			path = LoadingView;
			sourceTree = "<group>";
		};
		844A53EE2935FFFE00B6C464 /* Extensions */ = {
			isa = PBXGroup;
			children = (
				844A53EF2935FFFE00B6C464 /* Array+.swift */,
				844A53F02935FFFE00B6C464 /* Date+.swift */,
			);
			path = Extensions;
			sourceTree = "<group>";
		};
		844A53F12935FFFE00B6C464 /* HTTP */ = {
			isa = PBXGroup;
			children = (
				844A53F22935FFFE00B6C464 /* HttpClient.swift */,
			);
			path = HTTP;
			sourceTree = "<group>";
		};
		844A540B293600BE00B6C464 /* Assets */ = {
			isa = PBXGroup;
			children = (
				844A540C293600BE00B6C464 /* Assets.xcassets */,
				844A540D293600BE00B6C464 /* Fonts */,
			);
			name = Assets;
			path = VideoFeeds/Assets;
			sourceTree = SOURCE_ROOT;
		};
		844A540D293600BE00B6C464 /* Fonts */ = {
			isa = PBXGroup;
			children = (
				844A540E293600BE00B6C464 /* ProximaNova-Semibold.otf */,
				844A540F293600BE00B6C464 /* ProximaNova-Bold.otf */,
				844A5410293600BE00B6C464 /* ProximaNova-Medium.otf */,
				844A5411293600BE00B6C464 /* ProximaNova-Extrabold.otf */,
				844A5412293600BE00B6C464 /* ProximaNova-BoldIt.otf */,
				844A5413293600BE00B6C464 /* ProximaNova-RegularIt.otf */,
				844A5414293600BE00B6C464 /* ProximaNova-Black.otf */,
				844A5415293600BE00B6C464 /* ProximaNova-Regular.otf */,
			);
			path = Fonts;
			sourceTree = "<group>";
		};
/* End PBXGroup section */

/* Begin PBXNativeTarget section */
		844A539C2935FF7300B6C464 /* VideoFeeds */ = {
			isa = PBXNativeTarget;
			buildConfigurationList = 844A53C72935FF7400B6C464 /* Build configuration list for PBXNativeTarget "VideoFeeds" */;
			buildPhases = (
				844A53992935FF7300B6C464 /* Sources */,
				844A539A2935FF7300B6C464 /* Frameworks */,
				844A539B2935FF7300B6C464 /* Resources */,
			);
			buildRules = (
			);
			dependencies = (
			);
			name = VideoFeeds;
			productName = VideoFeeds;
			productReference = 844A539D2935FF7300B6C464 /* VideoFeeds.app */;
			productType = "com.apple.product-type.application";
		};
		844A53B22935FF7400B6C464 /* VideoFeedsTests */ = {
			isa = PBXNativeTarget;
			buildConfigurationList = 844A53CA2935FF7400B6C464 /* Build configuration list for PBXNativeTarget "VideoFeedsTests" */;
			buildPhases = (
				844A53AF2935FF7400B6C464 /* Sources */,
				844A53B02935FF7400B6C464 /* Frameworks */,
				844A53B12935FF7400B6C464 /* Resources */,
			);
			buildRules = (
			);
			dependencies = (
				844A53B52935FF7400B6C464 /* PBXTargetDependency */,
			);
			name = VideoFeedsTests;
			productName = VideoFeedsTests;
			productReference = 844A53B32935FF7400B6C464 /* VideoFeedsTests.xctest */;
			productType = "com.apple.product-type.bundle.unit-test";
		};
		844A53BC2935FF7400B6C464 /* VideoFeedsUITests */ = {
			isa = PBXNativeTarget;
			buildConfigurationList = 844A53CD2935FF7400B6C464 /* Build configuration list for PBXNativeTarget "VideoFeedsUITests" */;
			buildPhases = (
				844A53B92935FF7400B6C464 /* Sources */,
				844A53BA2935FF7400B6C464 /* Frameworks */,
				844A53BB2935FF7400B6C464 /* Resources */,
			);
			buildRules = (
			);
			dependencies = (
				844A53BF2935FF7400B6C464 /* PBXTargetDependency */,
			);
			name = VideoFeedsUITests;
			productName = VideoFeedsUITests;
			productReference = 844A53BD2935FF7400B6C464 /* VideoFeedsUITests.xctest */;
			productType = "com.apple.product-type.bundle.ui-testing";
		};
/* End PBXNativeTarget section */

/* Begin PBXProject section */
		844A53952935FF7300B6C464 /* Project object */ = {
			isa = PBXProject;
			attributes = {
				BuildIndependentTargetsInParallel = 1;
				LastSwiftUpdateCheck = 1340;
				LastUpgradeCheck = 1340;
				TargetAttributes = {
					844A539C2935FF7300B6C464 = {
						CreatedOnToolsVersion = 13.4.1;
					};
					844A53B22935FF7400B6C464 = {
						CreatedOnToolsVersion = 13.4.1;
						TestTargetID = 844A539C2935FF7300B6C464;
					};
					844A53BC2935FF7400B6C464 = {
						CreatedOnToolsVersion = 13.4.1;
						TestTargetID = 844A539C2935FF7300B6C464;
					};
				};
			};
			buildConfigurationList = 844A53982935FF7300B6C464 /* Build configuration list for PBXProject "VideoFeeds" */;
			compatibilityVersion = "Xcode 13.0";
			developmentRegion = en;
			hasScannedForEncodings = 0;
			knownRegions = (
				en,
				Base,
			);
			mainGroup = 844A53942935FF7300B6C464;
			productRefGroup = 844A539E2935FF7300B6C464 /* Products */;
			projectDirPath = "";
			projectRoot = "";
			targets = (
				844A539C2935FF7300B6C464 /* VideoFeeds */,
				844A53B22935FF7400B6C464 /* VideoFeedsTests */,
				844A53BC2935FF7400B6C464 /* VideoFeedsUITests */,
			);
		};
/* End PBXProject section */

/* Begin PBXResourcesBuildPhase section */
		844A539B2935FF7300B6C464 /* Resources */ = {
			isa = PBXResourcesBuildPhase;
			buildActionMask = 2147483647;
			files = (
				844A541C293600BE00B6C464 /* ProximaNova-RegularIt.otf in Resources */,
				844A53AD2935FF7400B6C464 /* LaunchScreen.storyboard in Resources */,
				844A5416293600BE00B6C464 /* Assets.xcassets in Resources */,
				844A5417293600BE00B6C464 /* ProximaNova-Semibold.otf in Resources */,
				844A541B293600BE00B6C464 /* ProximaNova-BoldIt.otf in Resources */,
				844A541E293600BE00B6C464 /* ProximaNova-Regular.otf in Resources */,
				844A541D293600BE00B6C464 /* ProximaNova-Black.otf in Resources */,
				844A541A293600BE00B6C464 /* ProximaNova-Extrabold.otf in Resources */,
				844A5418293600BE00B6C464 /* ProximaNova-Bold.otf in Resources */,
				844A5419293600BE00B6C464 /* ProximaNova-Medium.otf in Resources */,
			);
			runOnlyForDeploymentPostprocessing = 0;
		};
		844A53B12935FF7400B6C464 /* Resources */ = {
			isa = PBXResourcesBuildPhase;
			buildActionMask = 2147483647;
			files = (
			);
			runOnlyForDeploymentPostprocessing = 0;
		};
		844A53BB2935FF7400B6C464 /* Resources */ = {
			isa = PBXResourcesBuildPhase;
			buildActionMask = 2147483647;
			files = (
			);
			runOnlyForDeploymentPostprocessing = 0;
		};
/* End PBXResourcesBuildPhase section */

/* Begin PBXSourcesBuildPhase section */
		844A53992935FF7300B6C464 /* Sources */ = {
			isa = PBXSourcesBuildPhase;
			buildActionMask = 2147483647;
			files = (
				844A54062935FFFE00B6C464 /* ReclipLabel.swift in Sources */,
				844A54002935FFFE00B6C464 /* UIFont+.swift in Sources */,
				844A53FE2935FFFE00B6C464 /* ActivityIndicator.swift in Sources */,
				844A540A2935FFFE00B6C464 /* HttpClient.swift in Sources */,
				844A53F42935FFFE00B6C464 /* LibraryViewController.swift in Sources */,
				844A54032935FFFE00B6C464 /* VerticalGradientView.swift in Sources */,
				844A53FF2935FFFE00B6C464 /* LoadingViewController.swift in Sources */,
				844A54012935FFFE00B6C464 /* VideoPlayerView.swift in Sources */,
				844A54022935FFFE00B6C464 /* OutOfBoundsTouchView.swift in Sources */,
				844A53F52935FFFE00B6C464 /* RootViewController.swift in Sources */,
				844A54042935FFFE00B6C464 /* UIView+.swift in Sources */,
				844A53F92935FFFE00B6C464 /* VideoFeedCell.swift in Sources */,
				844A53F32935FFFE00B6C464 /* FeedVideo.swift in Sources */,
				844A54092935FFFE00B6C464 /* Date+.swift in Sources */,
				844A54052935FFFE00B6C464 /* ProgressBar.swift in Sources */,
				844A53FA2935FFFE00B6C464 /* FeaturedFeedAPI.swift in Sources */,
				844A53F72935FFFE00B6C464 /* FeaturedFeedViewController.swift in Sources */,
				844A53A12935FF7300B6C464 /* AppDelegate.swift in Sources */,
				844A54072935FFFE00B6C464 /* UIColor+.swift in Sources */,
				844A53F82935FFFE00B6C464 /* FeaturedFeedViewModel.swift in Sources */,
				844A53F62935FFFE00B6C464 /* RootTabBar.swift in Sources */,
				844A53FB2935FFFE00B6C464 /* APIService.swift in Sources */,
				844A53FC2935FFFE00B6C464 /* Typography.swift in Sources */,
				844A53FD2935FFFE00B6C464 /* LoadingViewCard.swift in Sources */,
				844A54082935FFFE00B6C464 /* Array+.swift in Sources */,
			);
			runOnlyForDeploymentPostprocessing = 0;
		};
		844A53AF2935FF7400B6C464 /* Sources */ = {
			isa = PBXSourcesBuildPhase;
			buildActionMask = 2147483647;
			files = (
				844A53B82935FF7400B6C464 /* VideoFeedsTests.swift in Sources */,
			);
			runOnlyForDeploymentPostprocessing = 0;
		};
		844A53B92935FF7400B6C464 /* Sources */ = {
			isa = PBXSourcesBuildPhase;
			buildActionMask = 2147483647;
			files = (
				844A53C42935FF7400B6C464 /* VideoFeedsUITestsLaunchTests.swift in Sources */,
				844A53C22935FF7400B6C464 /* VideoFeedsUITests.swift in Sources */,
			);
			runOnlyForDeploymentPostprocessing = 0;
		};
/* End PBXSourcesBuildPhase section */

/* Begin PBXTargetDependency section */
		844A53B52935FF7400B6C464 /* PBXTargetDependency */ = {
			isa = PBXTargetDependency;
			target = 844A539C2935FF7300B6C464 /* VideoFeeds */;
			targetProxy = 844A53B42935FF7400B6C464 /* PBXContainerItemProxy */;
		};
		844A53BF2935FF7400B6C464 /* PBXTargetDependency */ = {
			isa = PBXTargetDependency;
			target = 844A539C2935FF7300B6C464 /* VideoFeeds */;
			targetProxy = 844A53BE2935FF7400B6C464 /* PBXContainerItemProxy */;
		};
/* End PBXTargetDependency section */

/* Begin PBXVariantGroup section */
		844A53AB2935FF7400B6C464 /* LaunchScreen.storyboard */ = {
			isa = PBXVariantGroup;
			children = (
				844A53AC2935FF7400B6C464 /* Base */,
			);
			name = LaunchScreen.storyboard;
			sourceTree = "<group>";
		};
/* End PBXVariantGroup section */

/* Begin XCBuildConfiguration section */
		844A53C52935FF7400B6C464 /* Debug */ = {
			isa = XCBuildConfiguration;
			buildSettings = {
				ALWAYS_SEARCH_USER_PATHS = NO;
				CLANG_ANALYZER_NONNULL = YES;
				CLANG_ANALYZER_NUMBER_OBJECT_CONVERSION = YES_AGGRESSIVE;
				CLANG_CXX_LANGUAGE_STANDARD = "gnu++17";
				CLANG_ENABLE_MODULES = YES;
				CLANG_ENABLE_OBJC_ARC = YES;
				CLANG_ENABLE_OBJC_WEAK = YES;
				CLANG_WARN_BLOCK_CAPTURE_AUTORELEASING = YES;
				CLANG_WARN_BOOL_CONVERSION = YES;
				CLANG_WARN_COMMA = YES;
				CLANG_WARN_CONSTANT_CONVERSION = YES;
				CLANG_WARN_DEPRECATED_OBJC_IMPLEMENTATIONS = YES;
				CLANG_WARN_DIRECT_OBJC_ISA_USAGE = YES_ERROR;
				CLANG_WARN_DOCUMENTATION_COMMENTS = YES;
				CLANG_WARN_EMPTY_BODY = YES;
				CLANG_WARN_ENUM_CONVERSION = YES;
				CLANG_WARN_INFINITE_RECURSION = YES;
				CLANG_WARN_INT_CONVERSION = YES;
				CLANG_WARN_NON_LITERAL_NULL_CONVERSION = YES;
				CLANG_WARN_OBJC_IMPLICIT_RETAIN_SELF = YES;
				CLANG_WARN_OBJC_LITERAL_CONVERSION = YES;
				CLANG_WARN_OBJC_ROOT_CLASS = YES_ERROR;
				CLANG_WARN_QUOTED_INCLUDE_IN_FRAMEWORK_HEADER = YES;
				CLANG_WARN_RANGE_LOOP_ANALYSIS = YES;
				CLANG_WARN_STRICT_PROTOTYPES = YES;
				CLANG_WARN_SUSPICIOUS_MOVE = YES;
				CLANG_WARN_UNGUARDED_AVAILABILITY = YES_AGGRESSIVE;
				CLANG_WARN_UNREACHABLE_CODE = YES;
				CLANG_WARN__DUPLICATE_METHOD_MATCH = YES;
				COPY_PHASE_STRIP = NO;
				DEBUG_INFORMATION_FORMAT = dwarf;
				ENABLE_STRICT_OBJC_MSGSEND = YES;
				ENABLE_TESTABILITY = YES;
				GCC_C_LANGUAGE_STANDARD = gnu11;
				GCC_DYNAMIC_NO_PIC = NO;
				GCC_NO_COMMON_BLOCKS = YES;
				GCC_OPTIMIZATION_LEVEL = 0;
				GCC_PREPROCESSOR_DEFINITIONS = (
					"DEBUG=1",
					"$(inherited)",
				);
				GCC_WARN_64_TO_32_BIT_CONVERSION = YES;
				GCC_WARN_ABOUT_RETURN_TYPE = YES_ERROR;
				GCC_WARN_UNDECLARED_SELECTOR = YES;
				GCC_WARN_UNINITIALIZED_AUTOS = YES_AGGRESSIVE;
				GCC_WARN_UNUSED_FUNCTION = YES;
				GCC_WARN_UNUSED_VARIABLE = YES;
				IPHONEOS_DEPLOYMENT_TARGET = 15.5;
				MTL_ENABLE_DEBUG_INFO = INCLUDE_SOURCE;
				MTL_FAST_MATH = YES;
				ONLY_ACTIVE_ARCH = YES;
				SDKROOT = iphoneos;
				SWIFT_ACTIVE_COMPILATION_CONDITIONS = DEBUG;
				SWIFT_OPTIMIZATION_LEVEL = "-Onone";
			};
			name = Debug;
		};
		844A53C62935FF7400B6C464 /* Release */ = {
			isa = XCBuildConfiguration;
			buildSettings = {
				ALWAYS_SEARCH_USER_PATHS = NO;
				CLANG_ANALYZER_NONNULL = YES;
				CLANG_ANALYZER_NUMBER_OBJECT_CONVERSION = YES_AGGRESSIVE;
				CLANG_CXX_LANGUAGE_STANDARD = "gnu++17";
				CLANG_ENABLE_MODULES = YES;
				CLANG_ENABLE_OBJC_ARC = YES;
				CLANG_ENABLE_OBJC_WEAK = YES;
				CLANG_WARN_BLOCK_CAPTURE_AUTORELEASING = YES;
				CLANG_WARN_BOOL_CONVERSION = YES;
				CLANG_WARN_COMMA = YES;
				CLANG_WARN_CONSTANT_CONVERSION = YES;
				CLANG_WARN_DEPRECATED_OBJC_IMPLEMENTATIONS = YES;
				CLANG_WARN_DIRECT_OBJC_ISA_USAGE = YES_ERROR;
				CLANG_WARN_DOCUMENTATION_COMMENTS = YES;
				CLANG_WARN_EMPTY_BODY = YES;
				CLANG_WARN_ENUM_CONVERSION = YES;
				CLANG_WARN_INFINITE_RECURSION = YES;
				CLANG_WARN_INT_CONVERSION = YES;
				CLANG_WARN_NON_LITERAL_NULL_CONVERSION = YES;
				CLANG_WARN_OBJC_IMPLICIT_RETAIN_SELF = YES;
				CLANG_WARN_OBJC_LITERAL_CONVERSION = YES;
				CLANG_WARN_OBJC_ROOT_CLASS = YES_ERROR;
				CLANG_WARN_QUOTED_INCLUDE_IN_FRAMEWORK_HEADER = YES;
				CLANG_WARN_RANGE_LOOP_ANALYSIS = YES;
				CLANG_WARN_STRICT_PROTOTYPES = YES;
				CLANG_WARN_SUSPICIOUS_MOVE = YES;
				CLANG_WARN_UNGUARDED_AVAILABILITY = YES_AGGRESSIVE;
				CLANG_WARN_UNREACHABLE_CODE = YES;
				CLANG_WARN__DUPLICATE_METHOD_MATCH = YES;
				COPY_PHASE_STRIP = NO;
				DEBUG_INFORMATION_FORMAT = "dwarf-with-dsym";
				ENABLE_NS_ASSERTIONS = NO;
				ENABLE_STRICT_OBJC_MSGSEND = YES;
				GCC_C_LANGUAGE_STANDARD = gnu11;
				GCC_NO_COMMON_BLOCKS = YES;
				GCC_WARN_64_TO_32_BIT_CONVERSION = YES;
				GCC_WARN_ABOUT_RETURN_TYPE = YES_ERROR;
				GCC_WARN_UNDECLARED_SELECTOR = YES;
				GCC_WARN_UNINITIALIZED_AUTOS = YES_AGGRESSIVE;
				GCC_WARN_UNUSED_FUNCTION = YES;
				GCC_WARN_UNUSED_VARIABLE = YES;
				IPHONEOS_DEPLOYMENT_TARGET = 15.5;
				MTL_ENABLE_DEBUG_INFO = NO;
				MTL_FAST_MATH = YES;
				SDKROOT = iphoneos;
				SWIFT_COMPILATION_MODE = wholemodule;
				SWIFT_OPTIMIZATION_LEVEL = "-O";
				VALIDATE_PRODUCT = YES;
			};
			name = Release;
		};
		844A53C82935FF7400B6C464 /* Debug */ = {
			isa = XCBuildConfiguration;
			buildSettings = {
				ASSETCATALOG_COMPILER_APPICON_NAME = AppIcon;
				ASSETCATALOG_COMPILER_GLOBAL_ACCENT_COLOR_NAME = AccentColor;
				CODE_SIGN_STYLE = Automatic;
				CURRENT_PROJECT_VERSION = 1;
				GENERATE_INFOPLIST_FILE = YES;
				INFOPLIST_FILE = VideoFeeds/Info.plist;
				INFOPLIST_KEY_UIApplicationSupportsIndirectInputEvents = YES;
				INFOPLIST_KEY_UILaunchStoryboardName = LaunchScreen;
				INFOPLIST_KEY_UISupportedInterfaceOrientations_iPad = "UIInterfaceOrientationPortrait UIInterfaceOrientationPortraitUpsideDown UIInterfaceOrientationLandscapeLeft UIInterfaceOrientationLandscapeRight";
				INFOPLIST_KEY_UISupportedInterfaceOrientations_iPhone = "UIInterfaceOrientationPortrait UIInterfaceOrientationLandscapeLeft UIInterfaceOrientationLandscapeRight";
				LD_RUNPATH_SEARCH_PATHS = (
					"$(inherited)",
					"@executable_path/Frameworks",
				);
				MARKETING_VERSION = 1.0;
				PRODUCT_BUNDLE_IDENTIFIER = com.ajones.VideoFeeds;
				PRODUCT_NAME = "$(TARGET_NAME)";
				SWIFT_EMIT_LOC_STRINGS = YES;
				SWIFT_VERSION = 5.0;
				TARGETED_DEVICE_FAMILY = "1,2";
			};
			name = Debug;
		};
		844A53C92935FF7400B6C464 /* Release */ = {
			isa = XCBuildConfiguration;
			buildSettings = {
				ASSETCATALOG_COMPILER_APPICON_NAME = AppIcon;
				ASSETCATALOG_COMPILER_GLOBAL_ACCENT_COLOR_NAME = AccentColor;
				CODE_SIGN_STYLE = Automatic;
				CURRENT_PROJECT_VERSION = 1;
				GENERATE_INFOPLIST_FILE = YES;
				INFOPLIST_FILE = VideoFeeds/Info.plist;
				INFOPLIST_KEY_UIApplicationSupportsIndirectInputEvents = YES;
				INFOPLIST_KEY_UILaunchStoryboardName = LaunchScreen;
				INFOPLIST_KEY_UISupportedInterfaceOrientations_iPad = "UIInterfaceOrientationPortrait UIInterfaceOrientationPortraitUpsideDown UIInterfaceOrientationLandscapeLeft UIInterfaceOrientationLandscapeRight";
				INFOPLIST_KEY_UISupportedInterfaceOrientations_iPhone = "UIInterfaceOrientationPortrait UIInterfaceOrientationLandscapeLeft UIInterfaceOrientationLandscapeRight";
				LD_RUNPATH_SEARCH_PATHS = (
					"$(inherited)",
					"@executable_path/Frameworks",
				);
				MARKETING_VERSION = 1.0;
				PRODUCT_BUNDLE_IDENTIFIER = com.ajones.VideoFeeds;
				PRODUCT_NAME = "$(TARGET_NAME)";
				SWIFT_EMIT_LOC_STRINGS = YES;
				SWIFT_VERSION = 5.0;
				TARGETED_DEVICE_FAMILY = "1,2";
			};
			name = Release;
		};
		844A53CB2935FF7400B6C464 /* Debug */ = {
			isa = XCBuildConfiguration;
			buildSettings = {
				ALWAYS_EMBED_SWIFT_STANDARD_LIBRARIES = YES;
				BUNDLE_LOADER = "$(TEST_HOST)";
				CODE_SIGN_STYLE = Automatic;
				CURRENT_PROJECT_VERSION = 1;
				GENERATE_INFOPLIST_FILE = YES;
				IPHONEOS_DEPLOYMENT_TARGET = 15.5;
				MARKETING_VERSION = 1.0;
				PRODUCT_BUNDLE_IDENTIFIER = com.ajones.VideoFeedsTests;
				PRODUCT_NAME = "$(TARGET_NAME)";
				SWIFT_EMIT_LOC_STRINGS = NO;
				SWIFT_VERSION = 5.0;
				TARGETED_DEVICE_FAMILY = "1,2";
				TEST_HOST = "$(BUILT_PRODUCTS_DIR)/VideoFeeds.app/VideoFeeds";
			};
			name = Debug;
		};
		844A53CC2935FF7400B6C464 /* Release */ = {
			isa = XCBuildConfiguration;
			buildSettings = {
				ALWAYS_EMBED_SWIFT_STANDARD_LIBRARIES = YES;
				BUNDLE_LOADER = "$(TEST_HOST)";
				CODE_SIGN_STYLE = Automatic;
				CURRENT_PROJECT_VERSION = 1;
				GENERATE_INFOPLIST_FILE = YES;
				IPHONEOS_DEPLOYMENT_TARGET = 15.5;
				MARKETING_VERSION = 1.0;
				PRODUCT_BUNDLE_IDENTIFIER = com.ajones.VideoFeedsTests;
				PRODUCT_NAME = "$(TARGET_NAME)";
				SWIFT_EMIT_LOC_STRINGS = NO;
				SWIFT_VERSION = 5.0;
				TARGETED_DEVICE_FAMILY = "1,2";
				TEST_HOST = "$(BUILT_PRODUCTS_DIR)/VideoFeeds.app/VideoFeeds";
			};
			name = Release;
		};
		844A53CE2935FF7400B6C464 /* Debug */ = {
			isa = XCBuildConfiguration;
			buildSettings = {
				ALWAYS_EMBED_SWIFT_STANDARD_LIBRARIES = YES;
				CODE_SIGN_STYLE = Automatic;
				CURRENT_PROJECT_VERSION = 1;
				GENERATE_INFOPLIST_FILE = YES;
				MARKETING_VERSION = 1.0;
				PRODUCT_BUNDLE_IDENTIFIER = com.ajones.VideoFeedsUITests;
				PRODUCT_NAME = "$(TARGET_NAME)";
				SWIFT_EMIT_LOC_STRINGS = NO;
				SWIFT_VERSION = 5.0;
				TARGETED_DEVICE_FAMILY = "1,2";
				TEST_TARGET_NAME = VideoFeeds;
			};
			name = Debug;
		};
		844A53CF2935FF7400B6C464 /* Release */ = {
			isa = XCBuildConfiguration;
			buildSettings = {
				ALWAYS_EMBED_SWIFT_STANDARD_LIBRARIES = YES;
				CODE_SIGN_STYLE = Automatic;
				CURRENT_PROJECT_VERSION = 1;
				GENERATE_INFOPLIST_FILE = YES;
				MARKETING_VERSION = 1.0;
				PRODUCT_BUNDLE_IDENTIFIER = com.ajones.VideoFeedsUITests;
				PRODUCT_NAME = "$(TARGET_NAME)";
				SWIFT_EMIT_LOC_STRINGS = NO;
				SWIFT_VERSION = 5.0;
				TARGETED_DEVICE_FAMILY = "1,2";
				TEST_TARGET_NAME = VideoFeeds;
			};
			name = Release;
		};
/* End XCBuildConfiguration section */

/* Begin XCConfigurationList section */
		844A53982935FF7300B6C464 /* Build configuration list for PBXProject "VideoFeeds" */ = {
			isa = XCConfigurationList;
			buildConfigurations = (
				844A53C52935FF7400B6C464 /* Debug */,
				844A53C62935FF7400B6C464 /* Release */,
			);
			defaultConfigurationIsVisible = 0;
			defaultConfigurationName = Release;
		};
		844A53C72935FF7400B6C464 /* Build configuration list for PBXNativeTarget "VideoFeeds" */ = {
			isa = XCConfigurationList;
			buildConfigurations = (
				844A53C82935FF7400B6C464 /* Debug */,
				844A53C92935FF7400B6C464 /* Release */,
			);
			defaultConfigurationIsVisible = 0;
			defaultConfigurationName = Release;
		};
		844A53CA2935FF7400B6C464 /* Build configuration list for PBXNativeTarget "VideoFeedsTests" */ = {
			isa = XCConfigurationList;
			buildConfigurations = (
				844A53CB2935FF7400B6C464 /* Debug */,
				844A53CC2935FF7400B6C464 /* Release */,
			);
			defaultConfigurationIsVisible = 0;
			defaultConfigurationName = Release;
		};
		844A53CD2935FF7400B6C464 /* Build configuration list for PBXNativeTarget "VideoFeedsUITests" */ = {
			isa = XCConfigurationList;
			buildConfigurations = (
				844A53CE2935FF7400B6C464 /* Debug */,
				844A53CF2935FF7400B6C464 /* Release */,
			);
			defaultConfigurationIsVisible = 0;
			defaultConfigurationName = Release;
		};
/* End XCConfigurationList section */
	};
	rootObject = 844A53952935FF7300B6C464 /* Project object */;
}
